// !$*UTF8*$!
{
	archiveVersion = 1;
	classes = {
	};
	objectVersion = 51;
	objects = {

/* Begin PBXBuildFile section */
		3F1BE60043B44C05F12C5686 /* Pods_FlixTests.framework in Frameworks */ = {isa = PBXBuildFile; fileRef = BD55994D786F4FC646D2BD03 /* Pods_FlixTests.framework */; };
		7F693F888238AD00E61C403E /* Pods_Flix.framework in Frameworks */ = {isa = PBXBuildFile; fileRef = 225D931CFE09C1069DE168BE /* Pods_Flix.framework */; };
		8875594EBFFAEBD8242420D7 /* Pods_Flix_FlixUITests.framework in Frameworks */ = {isa = PBXBuildFile; fileRef = 0C4A389CCE3AED3DA37A23A7 /* Pods_Flix_FlixUITests.framework */; };
		B88098722360B3F300FDB1F1 /* MoviesGridViewController.swift in Sources */ = {isa = PBXBuildFile; fileRef = B88098712360B3F300FDB1F1 /* MoviesGridViewController.swift */; };
		B88098742360C21700FDB1F1 /* MoviesGridCell.swift in Sources */ = {isa = PBXBuildFile; fileRef = B88098732360C21700FDB1F1 /* MoviesGridCell.swift */; };
		B8AFE31C235E354A0019CCA7 /* MoviesDetailViewController.swift in Sources */ = {isa = PBXBuildFile; fileRef = B8AFE31B235E354A0019CCA7 /* MoviesDetailViewController.swift */; };
		B8DED3872353A87200E4EA64 /* AppDelegate.swift in Sources */ = {isa = PBXBuildFile; fileRef = B8DED3862353A87200E4EA64 /* AppDelegate.swift */; };
		B8DED3892353A87200E4EA64 /* SceneDelegate.swift in Sources */ = {isa = PBXBuildFile; fileRef = B8DED3882353A87200E4EA64 /* SceneDelegate.swift */; };
		B8DED38E2353A87200E4EA64 /* Main.storyboard in Resources */ = {isa = PBXBuildFile; fileRef = B8DED38C2353A87200E4EA64 /* Main.storyboard */; };
		B8DED3902353A87300E4EA64 /* Assets.xcassets in Resources */ = {isa = PBXBuildFile; fileRef = B8DED38F2353A87300E4EA64 /* Assets.xcassets */; };
		B8DED3932353A87300E4EA64 /* LaunchScreen.storyboard in Resources */ = {isa = PBXBuildFile; fileRef = B8DED3912353A87300E4EA64 /* LaunchScreen.storyboard */; };
		B8DED39E2353A87300E4EA64 /* FlixTests.swift in Sources */ = {isa = PBXBuildFile; fileRef = B8DED39D2353A87300E4EA64 /* FlixTests.swift */; };
		B8DED3A92353A87400E4EA64 /* FlixUITests.swift in Sources */ = {isa = PBXBuildFile; fileRef = B8DED3A82353A87400E4EA64 /* FlixUITests.swift */; };
		B8DED3E72353D4BD00E4EA64 /* MoviesViewController.swift in Sources */ = {isa = PBXBuildFile; fileRef = B8DED3E62353D4BD00E4EA64 /* MoviesViewController.swift */; };
		B8DED3EB2353D72800E4EA64 /* .. in Sources */ = {isa = PBXBuildFile; fileRef = B8DED3EA2353D72800E4EA64 /* .. */; };
		B8DED3ED2353FBFB00E4EA64 /* MoviesCell.swift in Sources */ = {isa = PBXBuildFile; fileRef = B8DED3EC2353FBFB00E4EA64 /* MoviesCell.swift */; };
/* End PBXBuildFile section */

/* Begin PBXContainerItemProxy section */
		B8DED39A2353A87300E4EA64 /* PBXContainerItemProxy */ = {
			isa = PBXContainerItemProxy;
			containerPortal = B8DED37B2353A87200E4EA64 /* Project object */;
			proxyType = 1;
			remoteGlobalIDString = B8DED3822353A87200E4EA64;
			remoteInfo = Flix;
		};
		B8DED3A52353A87400E4EA64 /* PBXContainerItemProxy */ = {
			isa = PBXContainerItemProxy;
			containerPortal = B8DED37B2353A87200E4EA64 /* Project object */;
			proxyType = 1;
			remoteGlobalIDString = B8DED3822353A87200E4EA64;
			remoteInfo = Flix;
		};
/* End PBXContainerItemProxy section */

/* Begin PBXFileReference section */
		0C4A389CCE3AED3DA37A23A7 /* Pods_Flix_FlixUITests.framework */ = {isa = PBXFileReference; explicitFileType = wrapper.framework; includeInIndex = 0; path = Pods_Flix_FlixUITests.framework; sourceTree = BUILT_PRODUCTS_DIR; };
		225D931CFE09C1069DE168BE /* Pods_Flix.framework */ = {isa = PBXFileReference; explicitFileType = wrapper.framework; includeInIndex = 0; path = Pods_Flix.framework; sourceTree = BUILT_PRODUCTS_DIR; };
		4BB27D34919CDD250F565797 /* Pods-FlixTests.debug.xcconfig */ = {isa = PBXFileReference; includeInIndex = 1; lastKnownFileType = text.xcconfig; name = "Pods-FlixTests.debug.xcconfig"; path = "Target Support Files/Pods-FlixTests/Pods-FlixTests.debug.xcconfig"; sourceTree = "<group>"; };
		9FB25253423CD861655658F5 /* Pods-FlixTests.release.xcconfig */ = {isa = PBXFileReference; includeInIndex = 1; lastKnownFileType = text.xcconfig; name = "Pods-FlixTests.release.xcconfig"; path = "Target Support Files/Pods-FlixTests/Pods-FlixTests.release.xcconfig"; sourceTree = "<group>"; };
		A6ADD85DC17F1C1A85323259 /* Pods-Flix.release.xcconfig */ = {isa = PBXFileReference; includeInIndex = 1; lastKnownFileType = text.xcconfig; name = "Pods-Flix.release.xcconfig"; path = "Target Support Files/Pods-Flix/Pods-Flix.release.xcconfig"; sourceTree = "<group>"; };
		B82B19CB2362872000A8D732 /* README.md */ = {isa = PBXFileReference; lastKnownFileType = net.daringfireball.markdown; path = README.md; sourceTree = "<group>"; };
		B88098712360B3F300FDB1F1 /* MoviesGridViewController.swift */ = {isa = PBXFileReference; lastKnownFileType = sourcecode.swift; path = MoviesGridViewController.swift; sourceTree = "<group>"; };
		B88098732360C21700FDB1F1 /* MoviesGridCell.swift */ = {isa = PBXFileReference; lastKnownFileType = sourcecode.swift; path = MoviesGridCell.swift; sourceTree = "<group>"; };
		B8AFE31B235E354A0019CCA7 /* MoviesDetailViewController.swift */ = {isa = PBXFileReference; lastKnownFileType = sourcecode.swift; path = MoviesDetailViewController.swift; sourceTree = "<group>"; };
		B8DED3832353A87200E4EA64 /* Flix.app */ = {isa = PBXFileReference; explicitFileType = wrapper.application; includeInIndex = 0; path = Flix.app; sourceTree = BUILT_PRODUCTS_DIR; };
		B8DED3862353A87200E4EA64 /* AppDelegate.swift */ = {isa = PBXFileReference; lastKnownFileType = sourcecode.swift; path = AppDelegate.swift; sourceTree = "<group>"; };
		B8DED3882353A87200E4EA64 /* SceneDelegate.swift */ = {isa = PBXFileReference; lastKnownFileType = sourcecode.swift; path = SceneDelegate.swift; sourceTree = "<group>"; };
		B8DED38D2353A87200E4EA64 /* Base */ = {isa = PBXFileReference; lastKnownFileType = file.storyboard; name = Base; path = Base.lproj/Main.storyboard; sourceTree = "<group>"; };
		B8DED38F2353A87300E4EA64 /* Assets.xcassets */ = {isa = PBXFileReference; lastKnownFileType = folder.assetcatalog; path = Assets.xcassets; sourceTree = "<group>"; };
		B8DED3922353A87300E4EA64 /* Base */ = {isa = PBXFileReference; lastKnownFileType = file.storyboard; name = Base; path = Base.lproj/LaunchScreen.storyboard; sourceTree = "<group>"; };
		B8DED3942353A87300E4EA64 /* Info.plist */ = {isa = PBXFileReference; lastKnownFileType = text.plist.xml; path = Info.plist; sourceTree = "<group>"; };
		B8DED3992353A87300E4EA64 /* FlixTests.xctest */ = {isa = PBXFileReference; explicitFileType = wrapper.cfbundle; includeInIndex = 0; path = FlixTests.xctest; sourceTree = BUILT_PRODUCTS_DIR; };
		B8DED39D2353A87300E4EA64 /* FlixTests.swift */ = {isa = PBXFileReference; lastKnownFileType = sourcecode.swift; path = FlixTests.swift; sourceTree = "<group>"; };
		B8DED39F2353A87300E4EA64 /* Info.plist */ = {isa = PBXFileReference; lastKnownFileType = text.plist.xml; path = Info.plist; sourceTree = "<group>"; };
		B8DED3A42353A87400E4EA64 /* FlixUITests.xctest */ = {isa = PBXFileReference; explicitFileType = wrapper.cfbundle; includeInIndex = 0; path = FlixUITests.xctest; sourceTree = BUILT_PRODUCTS_DIR; };
		B8DED3A82353A87400E4EA64 /* FlixUITests.swift */ = {isa = PBXFileReference; lastKnownFileType = sourcecode.swift; path = FlixUITests.swift; sourceTree = "<group>"; };
		B8DED3AA2353A87400E4EA64 /* Info.plist */ = {isa = PBXFileReference; lastKnownFileType = text.plist.xml; path = Info.plist; sourceTree = "<group>"; };
		B8DED3E62353D4BD00E4EA64 /* MoviesViewController.swift */ = {isa = PBXFileReference; lastKnownFileType = sourcecode.swift; path = MoviesViewController.swift; sourceTree = "<group>"; };
		B8DED3EA2353D72800E4EA64 /* .. */ = {isa = PBXFileReference; lastKnownFileType = folder; path = ..; sourceTree = "<group>"; };
		B8DED3EC2353FBFB00E4EA64 /* MoviesCell.swift */ = {isa = PBXFileReference; fileEncoding = 4; lastKnownFileType = sourcecode.swift; path = MoviesCell.swift; sourceTree = "<group>"; };
		BD55994D786F4FC646D2BD03 /* Pods_FlixTests.framework */ = {isa = PBXFileReference; explicitFileType = wrapper.framework; includeInIndex = 0; path = Pods_FlixTests.framework; sourceTree = BUILT_PRODUCTS_DIR; };
		C4B3814B24EE60979DA79E9A /* Pods-Flix-FlixUITests.release.xcconfig */ = {isa = PBXFileReference; includeInIndex = 1; lastKnownFileType = text.xcconfig; name = "Pods-Flix-FlixUITests.release.xcconfig"; path = "Target Support Files/Pods-Flix-FlixUITests/Pods-Flix-FlixUITests.release.xcconfig"; sourceTree = "<group>"; };
		D1D0DF41EBA4A6003673D3C2 /* Pods-Flix-FlixUITests.debug.xcconfig */ = {isa = PBXFileReference; includeInIndex = 1; lastKnownFileType = text.xcconfig; name = "Pods-Flix-FlixUITests.debug.xcconfig"; path = "Target Support Files/Pods-Flix-FlixUITests/Pods-Flix-FlixUITests.debug.xcconfig"; sourceTree = "<group>"; };
		EC1FEBE96C21CDAD9670684C /* Pods-Flix.debug.xcconfig */ = {isa = PBXFileReference; includeInIndex = 1; lastKnownFileType = text.xcconfig; name = "Pods-Flix.debug.xcconfig"; path = "Target Support Files/Pods-Flix/Pods-Flix.debug.xcconfig"; sourceTree = "<group>"; };
/* End PBXFileReference section */

/* Begin PBXFrameworksBuildPhase section */
		B8DED3802353A87200E4EA64 /* Frameworks */ = {
			isa = PBXFrameworksBuildPhase;
			buildActionMask = 2147483647;
			files = (
				7F693F888238AD00E61C403E /* Pods_Flix.framework in Frameworks */,
			);
			runOnlyForDeploymentPostprocessing = 0;
		};
		B8DED3962353A87300E4EA64 /* Frameworks */ = {
			isa = PBXFrameworksBuildPhase;
			buildActionMask = 2147483647;
			files = (
				3F1BE60043B44C05F12C5686 /* Pods_FlixTests.framework in Frameworks */,
			);
			runOnlyForDeploymentPostprocessing = 0;
		};
		B8DED3A12353A87400E4EA64 /* Frameworks */ = {
			isa = PBXFrameworksBuildPhase;
			buildActionMask = 2147483647;
			files = (
				8875594EBFFAEBD8242420D7 /* Pods_Flix_FlixUITests.framework in Frameworks */,
			);
			runOnlyForDeploymentPostprocessing = 0;
		};
/* End PBXFrameworksBuildPhase section */

/* Begin PBXGroup section */
		1876DE3BCBCBDCABC59F6C66 /* Frameworks */ = {
			isa = PBXGroup;
			children = (
				225D931CFE09C1069DE168BE /* Pods_Flix.framework */,
				0C4A389CCE3AED3DA37A23A7 /* Pods_Flix_FlixUITests.framework */,
				BD55994D786F4FC646D2BD03 /* Pods_FlixTests.framework */,
			);
			name = Frameworks;
			sourceTree = "<group>";
		};
		71AC3CFA6A77933A57120134 /* Pods */ = {
			isa = PBXGroup;
			children = (
				EC1FEBE96C21CDAD9670684C /* Pods-Flix.debug.xcconfig */,
				A6ADD85DC17F1C1A85323259 /* Pods-Flix.release.xcconfig */,
				D1D0DF41EBA4A6003673D3C2 /* Pods-Flix-FlixUITests.debug.xcconfig */,
				C4B3814B24EE60979DA79E9A /* Pods-Flix-FlixUITests.release.xcconfig */,
				4BB27D34919CDD250F565797 /* Pods-FlixTests.debug.xcconfig */,
				9FB25253423CD861655658F5 /* Pods-FlixTests.release.xcconfig */,
			);
			path = Pods;
			sourceTree = "<group>";
		};
		B8DED37A2353A87200E4EA64 = {
			isa = PBXGroup;
			children = (
				B82B19CB2362872000A8D732 /* README.md */,
				B8DED3852353A87200E4EA64 /* Flix */,
				B8DED39C2353A87300E4EA64 /* FlixTests */,
				B8DED3A72353A87400E4EA64 /* FlixUITests */,
				B8DED3842353A87200E4EA64 /* Products */,
				71AC3CFA6A77933A57120134 /* Pods */,
				1876DE3BCBCBDCABC59F6C66 /* Frameworks */,
			);
			sourceTree = "<group>";
		};
		B8DED3842353A87200E4EA64 /* Products */ = {
			isa = PBXGroup;
			children = (
				B8DED3832353A87200E4EA64 /* Flix.app */,
				B8DED3992353A87300E4EA64 /* FlixTests.xctest */,
				B8DED3A42353A87400E4EA64 /* FlixUITests.xctest */,
			);
			name = Products;
			sourceTree = "<group>";
		};
		B8DED3852353A87200E4EA64 /* Flix */ = {
			isa = PBXGroup;
			children = (
				B8DED3862353A87200E4EA64 /* AppDelegate.swift */,
				B8DED3882353A87200E4EA64 /* SceneDelegate.swift */,
				B8DED3EA2353D72800E4EA64 /* .. */,
				B8DED38C2353A87200E4EA64 /* Main.storyboard */,
				B88098732360C21700FDB1F1 /* MoviesGridCell.swift */,
				B8DED3EC2353FBFB00E4EA64 /* MoviesCell.swift */,
				B8DED3E62353D4BD00E4EA64 /* MoviesViewController.swift */,
				B8DED38F2353A87300E4EA64 /* Assets.xcassets */,
				B8DED3912353A87300E4EA64 /* LaunchScreen.storyboard */,
				B8DED3942353A87300E4EA64 /* Info.plist */,
				B8AFE31B235E354A0019CCA7 /* MoviesDetailViewController.swift */,
				B88098712360B3F300FDB1F1 /* MoviesGridViewController.swift */,
			);
			path = Flix;
			sourceTree = "<group>";
		};
		B8DED39C2353A87300E4EA64 /* FlixTests */ = {
			isa = PBXGroup;
			children = (
				B8DED39D2353A87300E4EA64 /* FlixTests.swift */,
				B8DED39F2353A87300E4EA64 /* Info.plist */,
			);
			path = FlixTests;
			sourceTree = "<group>";
		};
		B8DED3A72353A87400E4EA64 /* FlixUITests */ = {
			isa = PBXGroup;
			children = (
				B8DED3A82353A87400E4EA64 /* FlixUITests.swift */,
				B8DED3AA2353A87400E4EA64 /* Info.plist */,
			);
			path = FlixUITests;
			sourceTree = "<group>";
		};
/* End PBXGroup section */

/* Begin PBXNativeTarget section */
		B8DED3822353A87200E4EA64 /* Flix */ = {
			isa = PBXNativeTarget;
			buildConfigurationList = B8DED3AD2353A87400E4EA64 /* Build configuration list for PBXNativeTarget "Flix" */;
			buildPhases = (
				525B45F1E58F26D0C1839E86 /* [CP] Check Pods Manifest.lock */,
				B8DED37F2353A87200E4EA64 /* Sources */,
				B8DED3802353A87200E4EA64 /* Frameworks */,
				B8DED3812353A87200E4EA64 /* Resources */,
				2CF13D45B1F80D553857CA1A /* [CP] Embed Pods Frameworks */,
			);
			buildRules = (
			);
			dependencies = (
			);
			name = Flix;
			productName = Flix;
			productReference = B8DED3832353A87200E4EA64 /* Flix.app */;
			productType = "com.apple.product-type.application";
		};
		B8DED3982353A87300E4EA64 /* FlixTests */ = {
			isa = PBXNativeTarget;
			buildConfigurationList = B8DED3B02353A87400E4EA64 /* Build configuration list for PBXNativeTarget "FlixTests" */;
			buildPhases = (
				8F6753165D82C9AA0840A3D1 /* [CP] Check Pods Manifest.lock */,
				B8DED3952353A87300E4EA64 /* Sources */,
				B8DED3962353A87300E4EA64 /* Frameworks */,
				B8DED3972353A87300E4EA64 /* Resources */,
			);
			buildRules = (
			);
			dependencies = (
				B8DED39B2353A87300E4EA64 /* PBXTargetDependency */,
			);
			name = FlixTests;
			productName = FlixTests;
			productReference = B8DED3992353A87300E4EA64 /* FlixTests.xctest */;
			productType = "com.apple.product-type.bundle.unit-test";
		};
		B8DED3A32353A87400E4EA64 /* FlixUITests */ = {
			isa = PBXNativeTarget;
			buildConfigurationList = B8DED3B32353A87400E4EA64 /* Build configuration list for PBXNativeTarget "FlixUITests" */;
			buildPhases = (
				706AF39E832A05A776996B70 /* [CP] Check Pods Manifest.lock */,
				B8DED3A02353A87400E4EA64 /* Sources */,
				B8DED3A12353A87400E4EA64 /* Frameworks */,
				B8DED3A22353A87400E4EA64 /* Resources */,
				21E74BB7F2B1BC48DA5F7946 /* [CP] Embed Pods Frameworks */,
			);
			buildRules = (
			);
			dependencies = (
				B8DED3A62353A87400E4EA64 /* PBXTargetDependency */,
			);
			name = FlixUITests;
			productName = FlixUITests;
			productReference = B8DED3A42353A87400E4EA64 /* FlixUITests.xctest */;
			productType = "com.apple.product-type.bundle.ui-testing";
		};
/* End PBXNativeTarget section */

/* Begin PBXProject section */
		B8DED37B2353A87200E4EA64 /* Project object */ = {
			isa = PBXProject;
			attributes = {
				LastSwiftUpdateCheck = 1100;
				LastUpgradeCheck = 1100;
				ORGANIZATIONNAME = "Leonard Box";
				TargetAttributes = {
					B8DED3822353A87200E4EA64 = {
						CreatedOnToolsVersion = 11.0;
					};
					B8DED3982353A87300E4EA64 = {
						CreatedOnToolsVersion = 11.0;
						TestTargetID = B8DED3822353A87200E4EA64;
					};
					B8DED3A32353A87400E4EA64 = {
						CreatedOnToolsVersion = 11.0;
						TestTargetID = B8DED3822353A87200E4EA64;
					};
				};
			};
			buildConfigurationList = B8DED37E2353A87200E4EA64 /* Build configuration list for PBXProject "Flix" */;
			compatibilityVersion = "Xcode 9.3";
			developmentRegion = en;
			hasScannedForEncodings = 0;
			knownRegions = (
				en,
				Base,
			);
			mainGroup = B8DED37A2353A87200E4EA64;
			productRefGroup = B8DED3842353A87200E4EA64 /* Products */;
			projectDirPath = "";
			projectRoot = "";
			targets = (
				B8DED3822353A87200E4EA64 /* Flix */,
				B8DED3982353A87300E4EA64 /* FlixTests */,
				B8DED3A32353A87400E4EA64 /* FlixUITests */,
			);
		};
/* End PBXProject section */

/* Begin PBXResourcesBuildPhase section */
		B8DED3812353A87200E4EA64 /* Resources */ = {
			isa = PBXResourcesBuildPhase;
			buildActionMask = 2147483647;
			files = (
				B8DED3932353A87300E4EA64 /* LaunchScreen.storyboard in Resources */,
				B8DED3902353A87300E4EA64 /* Assets.xcassets in Resources */,
				B8DED38E2353A87200E4EA64 /* Main.storyboard in Resources */,
			);
			runOnlyForDeploymentPostprocessing = 0;
		};
		B8DED3972353A87300E4EA64 /* Resources */ = {
			isa = PBXResourcesBuildPhase;
			buildActionMask = 2147483647;
			files = (
			);
			runOnlyForDeploymentPostprocessing = 0;
		};
		B8DED3A22353A87400E4EA64 /* Resources */ = {
			isa = PBXResourcesBuildPhase;
			buildActionMask = 2147483647;
			files = (
			);
			runOnlyForDeploymentPostprocessing = 0;
		};
/* End PBXResourcesBuildPhase section */

/* Begin PBXShellScriptBuildPhase section */
		21E74BB7F2B1BC48DA5F7946 /* [CP] Embed Pods Frameworks */ = {
			isa = PBXShellScriptBuildPhase;
			buildActionMask = 2147483647;
			files = (
			);
			inputFileListPaths = (
				"${PODS_ROOT}/Target Support Files/Pods-Flix-FlixUITests/Pods-Flix-FlixUITests-frameworks-${CONFIGURATION}-input-files.xcfilelist",
			);
			name = "[CP] Embed Pods Frameworks";
			outputFileListPaths = (
				"${PODS_ROOT}/Target Support Files/Pods-Flix-FlixUITests/Pods-Flix-FlixUITests-frameworks-${CONFIGURATION}-output-files.xcfilelist",
			);
			runOnlyForDeploymentPostprocessing = 0;
			shellPath = /bin/sh;
			shellScript = "\"${PODS_ROOT}/Target Support Files/Pods-Flix-FlixUITests/Pods-Flix-FlixUITests-frameworks.sh\"\n";
			showEnvVarsInLog = 0;
		};
		2CF13D45B1F80D553857CA1A /* [CP] Embed Pods Frameworks */ = {
			isa = PBXShellScriptBuildPhase;
			buildActionMask = 2147483647;
			files = (
			);
			inputFileListPaths = (
				"${PODS_ROOT}/Target Support Files/Pods-Flix/Pods-Flix-frameworks-${CONFIGURATION}-input-files.xcfilelist",
			);
			name = "[CP] Embed Pods Frameworks";
			outputFileListPaths = (
				"${PODS_ROOT}/Target Support Files/Pods-Flix/Pods-Flix-frameworks-${CONFIGURATION}-output-files.xcfilelist",
			);
			runOnlyForDeploymentPostprocessing = 0;
			shellPath = /bin/sh;
			shellScript = "\"${PODS_ROOT}/Target Support Files/Pods-Flix/Pods-Flix-frameworks.sh\"\n";
			showEnvVarsInLog = 0;
		};
		525B45F1E58F26D0C1839E86 /* [CP] Check Pods Manifest.lock */ = {
			isa = PBXShellScriptBuildPhase;
			buildActionMask = 2147483647;
			files = (
			);
			inputFileListPaths = (
			);
			inputPaths = (
				"${PODS_PODFILE_DIR_PATH}/Podfile.lock",
				"${PODS_ROOT}/Manifest.lock",
			);
			name = "[CP] Check Pods Manifest.lock";
			outputFileListPaths = (
			);
			outputPaths = (
				"$(DERIVED_FILE_DIR)/Pods-Flix-checkManifestLockResult.txt",
			);
			runOnlyForDeploymentPostprocessing = 0;
			shellPath = /bin/sh;
			shellScript = "diff \"${PODS_PODFILE_DIR_PATH}/Podfile.lock\" \"${PODS_ROOT}/Manifest.lock\" > /dev/null\nif [ $? != 0 ] ; then\n    # print error to STDERR\n    echo \"error: The sandbox is not in sync with the Podfile.lock. Run 'pod install' or update your CocoaPods installation.\" >&2\n    exit 1\nfi\n# This output is used by Xcode 'outputs' to avoid re-running this script phase.\necho \"SUCCESS\" > \"${SCRIPT_OUTPUT_FILE_0}\"\n";
			showEnvVarsInLog = 0;
		};
		706AF39E832A05A776996B70 /* [CP] Check Pods Manifest.lock */ = {
			isa = PBXShellScriptBuildPhase;
			buildActionMask = 2147483647;
			files = (
			);
			inputFileListPaths = (
			);
			inputPaths = (
				"${PODS_PODFILE_DIR_PATH}/Podfile.lock",
				"${PODS_ROOT}/Manifest.lock",
			);
			name = "[CP] Check Pods Manifest.lock";
			outputFileListPaths = (
			);
			outputPaths = (
				"$(DERIVED_FILE_DIR)/Pods-Flix-FlixUITests-checkManifestLockResult.txt",
			);
			runOnlyForDeploymentPostprocessing = 0;
			shellPath = /bin/sh;
			shellScript = "diff \"${PODS_PODFILE_DIR_PATH}/Podfile.lock\" \"${PODS_ROOT}/Manifest.lock\" > /dev/null\nif [ $? != 0 ] ; then\n    # print error to STDERR\n    echo \"error: The sandbox is not in sync with the Podfile.lock. Run 'pod install' or update your CocoaPods installation.\" >&2\n    exit 1\nfi\n# This output is used by Xcode 'outputs' to avoid re-running this script phase.\necho \"SUCCESS\" > \"${SCRIPT_OUTPUT_FILE_0}\"\n";
			showEnvVarsInLog = 0;
		};
		8F6753165D82C9AA0840A3D1 /* [CP] Check Pods Manifest.lock */ = {
			isa = PBXShellScriptBuildPhase;
			buildActionMask = 2147483647;
			files = (
			);
			inputFileListPaths = (
			);
			inputPaths = (
				"${PODS_PODFILE_DIR_PATH}/Podfile.lock",
				"${PODS_ROOT}/Manifest.lock",
			);
			name = "[CP] Check Pods Manifest.lock";
			outputFileListPaths = (
			);
			outputPaths = (
				"$(DERIVED_FILE_DIR)/Pods-FlixTests-checkManifestLockResult.txt",
			);
			runOnlyForDeploymentPostprocessing = 0;
			shellPath = /bin/sh;
			shellScript = "diff \"${PODS_PODFILE_DIR_PATH}/Podfile.lock\" \"${PODS_ROOT}/Manifest.lock\" > /dev/null\nif [ $? != 0 ] ; then\n    # print error to STDERR\n    echo \"error: The sandbox is not in sync with the Podfile.lock. Run 'pod install' or update your CocoaPods installation.\" >&2\n    exit 1\nfi\n# This output is used by Xcode 'outputs' to avoid re-running this script phase.\necho \"SUCCESS\" > \"${SCRIPT_OUTPUT_FILE_0}\"\n";
			showEnvVarsInLog = 0;
		};
/* End PBXShellScriptBuildPhase section */

/* Begin PBXSourcesBuildPhase section */
		B8DED37F2353A87200E4EA64 /* Sources */ = {
			isa = PBXSourcesBuildPhase;
			buildActionMask = 2147483647;
			files = (
				B88098742360C21700FDB1F1 /* MoviesGridCell.swift in Sources */,
				B8DED3872353A87200E4EA64 /* AppDelegate.swift in Sources */,
				B8DED3ED2353FBFB00E4EA64 /* MoviesCell.swift in Sources */,
				B8AFE31C235E354A0019CCA7 /* MoviesDetailViewController.swift in Sources */,
				B8DED3892353A87200E4EA64 /* SceneDelegate.swift in Sources */,
				B88098722360B3F300FDB1F1 /* MoviesGridViewController.swift in Sources */,
				B8DED3EB2353D72800E4EA64 /* .. in Sources */,
				B8DED3E72353D4BD00E4EA64 /* MoviesViewController.swift in Sources */,
			);
			runOnlyForDeploymentPostprocessing = 0;
		};
		B8DED3952353A87300E4EA64 /* Sources */ = {
			isa = PBXSourcesBuildPhase;
			buildActionMask = 2147483647;
			files = (
				B8DED39E2353A87300E4EA64 /* FlixTests.swift in Sources */,
			);
			runOnlyForDeploymentPostprocessing = 0;
		};
		B8DED3A02353A87400E4EA64 /* Sources */ = {
			isa = PBXSourcesBuildPhase;
			buildActionMask = 2147483647;
			files = (
				B8DED3A92353A87400E4EA64 /* FlixUITests.swift in Sources */,
			);
			runOnlyForDeploymentPostprocessing = 0;
		};
/* End PBXSourcesBuildPhase section */

/* Begin PBXTargetDependency section */
		B8DED39B2353A87300E4EA64 /* PBXTargetDependency */ = {
			isa = PBXTargetDependency;
			target = B8DED3822353A87200E4EA64 /* Flix */;
			targetProxy = B8DED39A2353A87300E4EA64 /* PBXContainerItemProxy */;
		};
		B8DED3A62353A87400E4EA64 /* PBXTargetDependency */ = {
			isa = PBXTargetDependency;
			target = B8DED3822353A87200E4EA64 /* Flix */;
			targetProxy = B8DED3A52353A87400E4EA64 /* PBXContainerItemProxy */;
		};
/* End PBXTargetDependency section */

/* Begin PBXVariantGroup section */
		B8DED38C2353A87200E4EA64 /* Main.storyboard */ = {
			isa = PBXVariantGroup;
			children = (
				B8DED38D2353A87200E4EA64 /* Base */,
			);
			name = Main.storyboard;
			sourceTree = "<group>";
		};
		B8DED3912353A87300E4EA64 /* LaunchScreen.storyboard */ = {
			isa = PBXVariantGroup;
			children = (
				B8DED3922353A87300E4EA64 /* Base */,
			);
			name = LaunchScreen.storyboard;
			sourceTree = "<group>";
		};
/* End PBXVariantGroup section */

/* Begin XCBuildConfiguration section */
		B8DED3AB2353A87400E4EA64 /* Debug */ = {
			isa = XCBuildConfiguration;
			buildSettings = {
				ALWAYS_SEARCH_USER_PATHS = NO;
				CLANG_ANALYZER_NONNULL = YES;
				CLANG_ANALYZER_NUMBER_OBJECT_CONVERSION = YES_AGGRESSIVE;
				CLANG_CXX_LANGUAGE_STANDARD = "gnu++14";
				CLANG_CXX_LIBRARY = "libc++";
				CLANG_ENABLE_MODULES = YES;
				CLANG_ENABLE_OBJC_ARC = YES;
				CLANG_ENABLE_OBJC_WEAK = YES;
				CLANG_WARN_BLOCK_CAPTURE_AUTORELEASING = YES;
				CLANG_WARN_BOOL_CONVERSION = YES;
				CLANG_WARN_COMMA = YES;
				CLANG_WARN_CONSTANT_CONVERSION = YES;
				CLANG_WARN_DEPRECATED_OBJC_IMPLEMENTATIONS = YES;
				CLANG_WARN_DIRECT_OBJC_ISA_USAGE = YES_ERROR;
				CLANG_WARN_DOCUMENTATION_COMMENTS = YES;
				CLANG_WARN_EMPTY_BODY = YES;
				CLANG_WARN_ENUM_CONVERSION = YES;
				CLANG_WARN_INFINITE_RECURSION = YES;
				CLANG_WARN_INT_CONVERSION = YES;
				CLANG_WARN_NON_LITERAL_NULL_CONVERSION = YES;
				CLANG_WARN_OBJC_IMPLICIT_RETAIN_SELF = YES;
				CLANG_WARN_OBJC_LITERAL_CONVERSION = YES;
				CLANG_WARN_OBJC_ROOT_CLASS = YES_ERROR;
				CLANG_WARN_RANGE_LOOP_ANALYSIS = YES;
				CLANG_WARN_STRICT_PROTOTYPES = YES;
				CLANG_WARN_SUSPICIOUS_MOVE = YES;
				CLANG_WARN_UNGUARDED_AVAILABILITY = YES_AGGRESSIVE;
				CLANG_WARN_UNREACHABLE_CODE = YES;
				CLANG_WARN__DUPLICATE_METHOD_MATCH = YES;
				COPY_PHASE_STRIP = NO;
				DEBUG_INFORMATION_FORMAT = dwarf;
				ENABLE_STRICT_OBJC_MSGSEND = YES;
				ENABLE_TESTABILITY = YES;
				GCC_C_LANGUAGE_STANDARD = gnu11;
				GCC_DYNAMIC_NO_PIC = NO;
				GCC_NO_COMMON_BLOCKS = YES;
				GCC_OPTIMIZATION_LEVEL = 0;
				GCC_PREPROCESSOR_DEFINITIONS = (
					"DEBUG=1",
					"$(inherited)",
				);
				GCC_WARN_64_TO_32_BIT_CONVERSION = YES;
				GCC_WARN_ABOUT_RETURN_TYPE = YES_ERROR;
				GCC_WARN_UNDECLARED_SELECTOR = YES;
				GCC_WARN_UNINITIALIZED_AUTOS = YES_AGGRESSIVE;
				GCC_WARN_UNUSED_FUNCTION = YES;
				GCC_WARN_UNUSED_VARIABLE = YES;
				IPHONEOS_DEPLOYMENT_TARGET = 13.0;
				MTL_ENABLE_DEBUG_INFO = INCLUDE_SOURCE;
				MTL_FAST_MATH = YES;
				ONLY_ACTIVE_ARCH = YES;
				SDKROOT = iphoneos;
				SWIFT_ACTIVE_COMPILATION_CONDITIONS = DEBUG;
				SWIFT_OPTIMIZATION_LEVEL = "-Onone";
			};
			name = Debug;
		};
		B8DED3AC2353A87400E4EA64 /* Release */ = {
			isa = XCBuildConfiguration;
			buildSettings = {
				ALWAYS_SEARCH_USER_PATHS = NO;
				CLANG_ANALYZER_NONNULL = YES;
				CLANG_ANALYZER_NUMBER_OBJECT_CONVERSION = YES_AGGRESSIVE;
				CLANG_CXX_LANGUAGE_STANDARD = "gnu++14";
				CLANG_CXX_LIBRARY = "libc++";
				CLANG_ENABLE_MODULES = YES;
				CLANG_ENABLE_OBJC_ARC = YES;
				CLANG_ENABLE_OBJC_WEAK = YES;
				CLANG_WARN_BLOCK_CAPTURE_AUTORELEASING = YES;
				CLANG_WARN_BOOL_CONVERSION = YES;
				CLANG_WARN_COMMA = YES;
				CLANG_WARN_CONSTANT_CONVERSION = YES;
				CLANG_WARN_DEPRECATED_OBJC_IMPLEMENTATIONS = YES;
				CLANG_WARN_DIRECT_OBJC_ISA_USAGE = YES_ERROR;
				CLANG_WARN_DOCUMENTATION_COMMENTS = YES;
				CLANG_WARN_EMPTY_BODY = YES;
				CLANG_WARN_ENUM_CONVERSION = YES;
				CLANG_WARN_INFINITE_RECURSION = YES;
				CLANG_WARN_INT_CONVERSION = YES;
				CLANG_WARN_NON_LITERAL_NULL_CONVERSION = YES;
				CLANG_WARN_OBJC_IMPLICIT_RETAIN_SELF = YES;
				CLANG_WARN_OBJC_LITERAL_CONVERSION = YES;
				CLANG_WARN_OBJC_ROOT_CLASS = YES_ERROR;
				CLANG_WARN_RANGE_LOOP_ANALYSIS = YES;
				CLANG_WARN_STRICT_PROTOTYPES = YES;
				CLANG_WARN_SUSPICIOUS_MOVE = YES;
				CLANG_WARN_UNGUARDED_AVAILABILITY = YES_AGGRESSIVE;
				CLANG_WARN_UNREACHABLE_CODE = YES;
				CLANG_WARN__DUPLICATE_METHOD_MATCH = YES;
				COPY_PHASE_STRIP = NO;
				DEBUG_INFORMATION_FORMAT = "dwarf-with-dsym";
				ENABLE_NS_ASSERTIONS = NO;
				ENABLE_STRICT_OBJC_MSGSEND = YES;
				GCC_C_LANGUAGE_STANDARD = gnu11;
				GCC_NO_COMMON_BLOCKS = YES;
				GCC_WARN_64_TO_32_BIT_CONVERSION = YES;
				GCC_WARN_ABOUT_RETURN_TYPE = YES_ERROR;
				GCC_WARN_UNDECLARED_SELECTOR = YES;
				GCC_WARN_UNINITIALIZED_AUTOS = YES_AGGRESSIVE;
				GCC_WARN_UNUSED_FUNCTION = YES;
				GCC_WARN_UNUSED_VARIABLE = YES;
				IPHONEOS_DEPLOYMENT_TARGET = 13.0;
				MTL_ENABLE_DEBUG_INFO = NO;
				MTL_FAST_MATH = YES;
				SDKROOT = iphoneos;
				SWIFT_COMPILATION_MODE = wholemodule;
				SWIFT_OPTIMIZATION_LEVEL = "-O";
				VALIDATE_PRODUCT = YES;
			};
			name = Release;
		};
		B8DED3AE2353A87400E4EA64 /* Debug */ = {
			isa = XCBuildConfiguration;
			baseConfigurationReference = EC1FEBE96C21CDAD9670684C /* Pods-Flix.debug.xcconfig */;
			buildSettings = {
				ASSETCATALOG_COMPILER_APPICON_NAME = AppIcon;
				CODE_SIGN_STYLE = Automatic;
				DEVELOPMENT_TEAM = LG3N8TKY59;
				INFOPLIST_FILE = Flix/Info.plist;
				LD_RUNPATH_SEARCH_PATHS = (
					"$(inherited)",
					"@executable_path/Frameworks",
				);
				PRODUCT_BUNDLE_IDENTIFIER = com.leonardbox.Flix;
				PRODUCT_NAME = "$(TARGET_NAME)";
				SWIFT_VERSION = 5.0;
				TARGETED_DEVICE_FAMILY = "1,2";
			};
			name = Debug;
		};
		B8DED3AF2353A87400E4EA64 /* Release */ = {
			isa = XCBuildConfiguration;
			baseConfigurationReference = A6ADD85DC17F1C1A85323259 /* Pods-Flix.release.xcconfig */;
			buildSettings = {
				ASSETCATALOG_COMPILER_APPICON_NAME = AppIcon;
				CODE_SIGN_STYLE = Automatic;
				DEVELOPMENT_TEAM = LG3N8TKY59;
				INFOPLIST_FILE = Flix/Info.plist;
				LD_RUNPATH_SEARCH_PATHS = (
					"$(inherited)",
					"@executable_path/Frameworks",
				);
				PRODUCT_BUNDLE_IDENTIFIER = com.leonardbox.Flix;
				PRODUCT_NAME = "$(TARGET_NAME)";
				SWIFT_VERSION = 5.0;
				TARGETED_DEVICE_FAMILY = "1,2";
			};
			name = Release;
		};
		B8DED3B12353A87400E4EA64 /* Debug */ = {
			isa = XCBuildConfiguration;
			baseConfigurationReference = 4BB27D34919CDD250F565797 /* Pods-FlixTests.debug.xcconfig */;
			buildSettings = {
				ALWAYS_EMBED_SWIFT_STANDARD_LIBRARIES = YES;
				BUNDLE_LOADER = "$(TEST_HOST)";
				CODE_SIGN_STYLE = Automatic;
				DEVELOPMENT_TEAM = LG3N8TKY59;
				INFOPLIST_FILE = FlixTests/Info.plist;
				IPHONEOS_DEPLOYMENT_TARGET = 13.0;
				LD_RUNPATH_SEARCH_PATHS = (
					"$(inherited)",
					"@executable_path/Frameworks",
					"@loader_path/Frameworks",
				);
				PRODUCT_BUNDLE_IDENTIFIER = com.leonardbox.FlixTests;
				PRODUCT_NAME = "$(TARGET_NAME)";
				SWIFT_VERSION = 5.0;
				TARGETED_DEVICE_FAMILY = "1,2";
				TEST_HOST = "$(BUILT_PRODUCTS_DIR)/Flix.app/Flix";
			};
			name = Debug;
		};
		B8DED3B22353A87400E4EA64 /* Release */ = {
			isa = XCBuildConfiguration;
			baseConfigurationReference = 9FB25253423CD861655658F5 /* Pods-FlixTests.release.xcconfig */;
			buildSettings = {
				ALWAYS_EMBED_SWIFT_STANDARD_LIBRARIES = YES;
				BUNDLE_LOADER = "$(TEST_HOST)";
				CODE_SIGN_STYLE = Automatic;
				DEVELOPMENT_TEAM = LG3N8TKY59;
				INFOPLIST_FILE = FlixTests/Info.plist;
				IPHONEOS_DEPLOYMENT_TARGET = 13.0;
				LD_RUNPATH_SEARCH_PATHS = (
					"$(inherited)",
					"@executable_path/Frameworks",
					"@loader_path/Frameworks",
				);
				PRODUCT_BUNDLE_IDENTIFIER = com.leonardbox.FlixTests;
				PRODUCT_NAME = "$(TARGET_NAME)";
				SWIFT_VERSION = 5.0;
				TARGETED_DEVICE_FAMILY = "1,2";
				TEST_HOST = "$(BUILT_PRODUCTS_DIR)/Flix.app/Flix";
			};
			name = Release;
		};
		B8DED3B42353A87400E4EA64 /* Debug */ = {
			isa = XCBuildConfiguration;
			baseConfigurationReference = D1D0DF41EBA4A6003673D3C2 /* Pods-Flix-FlixUITests.debug.xcconfig */;
			buildSettings = {
				ALWAYS_EMBED_SWIFT_STANDARD_LIBRARIES = YES;
				CODE_SIGN_STYLE = Automatic;
				DEVELOPMENT_TEAM = LG3N8TKY59;
				INFOPLIST_FILE = FlixUITests/Info.plist;
				LD_RUNPATH_SEARCH_PATHS = (
					"$(inherited)",
					"@executable_path/Frameworks",
					"@loader_path/Frameworks",
				);
				PRODUCT_BUNDLE_IDENTIFIER = com.leonardbox.FlixUITests;
				PRODUCT_NAME = "$(TARGET_NAME)";
				SWIFT_VERSION = 5.0;
				TARGETED_DEVICE_FAMILY = "1,2";
				TEST_TARGET_NAME = Flix;
			};
			name = Debug;
		};
		B8DED3B52353A87400E4EA64 /* Release */ = {
			isa = XCBuildConfiguration;
			baseConfigurationReference = C4B3814B24EE60979DA79E9A /* Pods-Flix-FlixUITests.release.xcconfig */;
			buildSettings = {
				ALWAYS_EMBED_SWIFT_STANDARD_LIBRARIES = YES;
				CODE_SIGN_STYLE = Automatic;
				DEVELOPMENT_TEAM = LG3N8TKY59;
				INFOPLIST_FILE = FlixUITests/Info.plist;
				LD_RUNPATH_SEARCH_PATHS = (
					"$(inherited)",
					"@executable_path/Frameworks",
					"@loader_path/Frameworks",
				);
				PRODUCT_BUNDLE_IDENTIFIER = com.leonardbox.FlixUITests;
				PRODUCT_NAME = "$(TARGET_NAME)";
				SWIFT_VERSION = 5.0;
				TARGETED_DEVICE_FAMILY = "1,2";
				TEST_TARGET_NAME = Flix;
			};
			name = Release;
		};
/* End XCBuildConfiguration section */

/* Begin XCConfigurationList section */
		B8DED37E2353A87200E4EA64 /* Build configuration list for PBXProject "Flix" */ = {
			isa = XCConfigurationList;
			buildConfigurations = (
				B8DED3AB2353A87400E4EA64 /* Debug */,
				B8DED3AC2353A87400E4EA64 /* Release */,
			);
			defaultConfigurationIsVisible = 0;
			defaultConfigurationName = Release;
		};
		B8DED3AD2353A87400E4EA64 /* Build configuration list for PBXNativeTarget "Flix" */ = {
			isa = XCConfigurationList;
			buildConfigurations = (
				B8DED3AE2353A87400E4EA64 /* Debug */,
				B8DED3AF2353A87400E4EA64 /* Release */,
			);
			defaultConfigurationIsVisible = 0;
			defaultConfigurationName = Release;
		};
		B8DED3B02353A87400E4EA64 /* Build configuration list for PBXNativeTarget "FlixTests" */ = {
			isa = XCConfigurationList;
			buildConfigurations = (
				B8DED3B12353A87400E4EA64 /* Debug */,
				B8DED3B22353A87400E4EA64 /* Release */,
			);
			defaultConfigurationIsVisible = 0;
			defaultConfigurationName = Release;
		};
		B8DED3B32353A87400E4EA64 /* Build configuration list for PBXNativeTarget "FlixUITests" */ = {
			isa = XCConfigurationList;
			buildConfigurations = (
				B8DED3B42353A87400E4EA64 /* Debug */,
				B8DED3B52353A87400E4EA64 /* Release */,
			);
			defaultConfigurationIsVisible = 0;
			defaultConfigurationName = Release;
		};
/* End XCConfigurationList section */
	};
	rootObject = B8DED37B2353A87200E4EA64 /* Project object */;
}
